# This file is autogenerated, do not edit; changes may be undone by the next 'dep ensure'.


[[projects]]
  digest = "1:060e2ff7ee3e51b4a0fadf46308033bfe3b8030af6a8078ec26916e2e9b2fdc3"
  name = "github.com/fatih/structtag"
  packages = ["."]
  pruneopts = "UT"
  revision = "76ae1d6d2117609598c7d4e8f3e938145f204e8f"
  version = "v1.0.0"

[[projects]]
  branch = "master"
  digest = "1:55a446b47ecca4df6628b642f3f661355eb80e16aa5bfe2deae2c78617bd2465"
  name = "github.com/golang/tools"
  packages = ["go/loader"]
  pruneopts = "UT"
  revision = "a06a922acc1b97001c51689385e2144227c9e820"

[[projects]]
  branch = "master"
  digest = "1:eb9fd5ad5b7d78c24b20ccc9d32c901b0ede97c2c417c8c47b043800ca800a2b"
  name = "golang.org/x/tools"
  packages = [
    "go/ast/astutil",
    "go/buildutil",
    "go/gcexportdata",
    "go/internal/cgo",
    "go/internal/gcimporter",
    "go/internal/packagesdriver",
    "go/packages",
    "go/types/typeutil",
    "imports",
    "internal/fastwalk",
    "internal/gopathwalk",
    "internal/module",
    "internal/semver",
  ]
  pruneopts = "UT"
  revision = "a06a922acc1b97001c51689385e2144227c9e820"

[solve-meta]
  analyzer-name = "dep"
  analyzer-version = 1
  input-imports = [
    "github.com/fatih/structtag",
    "github.com/golang/tools/go/loader",
    "golang.org/x/tools/imports",
  ]
  solver-name = "gps-cdcl"
  solver-version = 1
